{
  "name": "@agentlink/openclaw-plugin",
  "version": "0.1.0",
  "lockfileVersion": 3,
  "requires": true,
  "packages": {
    "": {
      "name": "@agentlink/openclaw-plugin",
      "version": "0.1.0",
      "license": "MIT",
      "dependencies": {
        "@agentlink/client": "file:../client"
      }
    },
    "../client": {
      "name": "@agentlink/client",
      "version": "0.1.0",
      "license": "MIT",
      "dependencies": {
        "ws": "^8.16.0"
      },
      "devDependencies": {
        "@types/node": "^20.19.33",
        "@types/ws": "^8.18.1",
        "typescript": "^5.3.0"
      }
    },
    "node_modules/@agentlink/client": {
      "resolved": "../client",
      "link": true
    }
  }
}
